{
  "name": "@wox/wox",
  "version": "1.0.50",
  "lockfileVersion": 1,
  "requires": true,
  "dependencies": {
    "@types/node": {
      "version": "11.9.3",
      "resolved": "http://registry.npm.taobao.org/@types/node/download/@types/node-11.9.3.tgz",
      "integrity": "sha1-FK27WrjNVj9Un7ro2+kuC31udsw=",
      "dev": true
    },
    "delegates": {
      "version": "1.0.0",
      "resolved": "http://registry.npm.taobao.org/delegates/download/delegates-1.0.0.tgz",
      "integrity": "sha1-hMbhWbgZBP3KWaDvRM2HDTElD5o="
    },
    "reflect-metadata": {
      "version": "0.1.13",
      "resolved": "http://registry.npm.taobao.org/reflect-metadata/download/reflect-metadata-0.1.13.tgz",
      "integrity": "sha1-Z648pXyXKiqhZCsQ/jY/4y1J3Ag="
    }
  }
}
